
Microsoft Visual Studio Solution File, Format Version 12.00
# Visual Studio Version 16
VisualStudioVersion = 16.0.810.11
MinimumVisualStudioVersion = 10.0.40219.1
Project("{FAE04EC0-301F-11D3-BF4B-00C04F79EFBC}") = "AccountTellerApplication", "AccountTellerApplication\AccountTellerApplication.csproj", "{706114EB-DE9D-4923-BDDD-8626607A702B}"
EndProject
Global
	GlobalSection(SolutionConfigurationPlatforms) = preSolution
		Debug|Any CPU = Debug|Any CPU
		Release|Any CPU = Release|Any CPU
	EndGlobalSection
	GlobalSection(ProjectConfigurationPlatforms) = postSolution
		{706114EB-DE9D-4923-BDDD-8626607A702B}.Debug|Any CPU.ActiveCfg = Debug|Any CPU
		{706114EB-DE9D-4923-BDDD-8626607A702B}.Debug|Any CPU.Build.0 = Debug|Any CPU
		{706114EB-DE9D-4923-BDDD-8626607A702B}.Release|Any CPU.ActiveCfg = Release|Any CPU
		{706114EB-DE9D-4923-BDDD-8626607A702B}.Release|Any CPU.Build.0 = Release|Any CPU
	EndGlobalSection
	GlobalSection(SolutionProperties) = preSolution
		HideSolutionNode = FALSE
	EndGlobalSection
	GlobalSection(ExtensibilityGlobals) = postSolution
		SolutionGuid = {417FB0B3-1468-444B-AAD2-DC081A8B0706}
	EndGlobalSection
EndGlobal
